
Microsoft Visual Studio Solution File, Format Version 12.00
# Visual Studio Version 17
VisualStudioVersion = 17.1.32421.90
MinimumVisualStudioVersion = 10.0.40219.1
Project("{FAE04EC0-301F-11D3-BF4B-00C04F79EFBC}") = "FlowerParser", "FlowerParser\FlowerParser.csproj", "{BFBB8C1F-BF30-448C-BEC6-F8E4639187D6}"
EndProject
Global
	GlobalSection(SolutionConfigurationPlatforms) = preSolution
		Debug|Any CPU = Debug|Any CPU
		Release|Any CPU = Release|Any CPU
	EndGlobalSection
	GlobalSection(ProjectConfigurationPlatforms) = postSolution
		{BFBB8C1F-BF30-448C-BEC6-F8E4639187D6}.Debug|Any CPU.ActiveCfg = Debug|Any CPU
		{BFBB8C1F-BF30-448C-BEC6-F8E4639187D6}.Debug|Any CPU.Build.0 = Debug|Any CPU
		{BFBB8C1F-BF30-448C-BEC6-F8E4639187D6}.Release|Any CPU.ActiveCfg = Release|Any CPU
		{BFBB8C1F-BF30-448C-BEC6-F8E4639187D6}.Release|Any CPU.Build.0 = Release|Any CPU
	EndGlobalSection
	GlobalSection(SolutionProperties) = preSolution
		HideSolutionNode = FALSE
	EndGlobalSection
	GlobalSection(ExtensibilityGlobals) = postSolution
		SolutionGuid = {EEC0622C-04FA-4346-B4AF-87B8E44BF35E}
	EndGlobalSection
EndGlobal
